
Microsoft Visual Studio Solution File, Format Version 12.00
# Visual Studio 15
VisualStudioVersion = 15.0.28307.1145
MinimumVisualStudioVersion = 10.0.40219.1
Project("{FAE04EC0-301F-11D3-BF4B-00C04F79EFBC}") = "04_checkBox_template", "WPF_ControlTemplates\04_checkBox_template.csproj", "{EB5E5EA0-9CF7-4EB4-AC9A-B0F3F36047A5}"
EndProject
Project("{FAE04EC0-301F-11D3-BF4B-00C04F79EFBC}") = "01_control_template", "01_ControlTemplate\01_control_template.csproj", "{CC023BFA-3049-4BEF-81B3-1DD759136938}"
EndProject
Project("{FAE04EC0-301F-11D3-BF4B-00C04F79EFBC}") = "02_with_triggers", "02_with_triggers\02_with_triggers.csproj", "{86287075-411D-45BF-B5BC-4196915E1C5C}"
EndProject
Project("{FAE04EC0-301F-11D3-BF4B-00C04F79EFBC}") = "03_button_template", "03_button_template\03_button_template.csproj", "{E47EEBF2-CD1A-46DB-9A54-6AFB646F2D9B}"
EndProject
Project("{FAE04EC0-301F-11D3-BF4B-00C04F79EFBC}") = "05_textBox_template", "05_textBox_template\05_textBox_template.csproj", "{D68F7462-23F1-47E2-AD6D-42A1224FC1F7}"
EndProject
Global
	GlobalSection(SolutionConfigurationPlatforms) = preSolution
		Debug|Any CPU = Debug|Any CPU
		Release|Any CPU = Release|Any CPU
	EndGlobalSection
	GlobalSection(ProjectConfigurationPlatforms) = postSolution
		{EB5E5EA0-9CF7-4EB4-AC9A-B0F3F36047A5}.Debug|Any CPU.ActiveCfg = Debug|Any CPU
		{EB5E5EA0-9CF7-4EB4-AC9A-B0F3F36047A5}.Debug|Any CPU.Build.0 = Debug|Any CPU
		{EB5E5EA0-9CF7-4EB4-AC9A-B0F3F36047A5}.Release|Any CPU.ActiveCfg = Release|Any CPU
		{EB5E5EA0-9CF7-4EB4-AC9A-B0F3F36047A5}.Release|Any CPU.Build.0 = Release|Any CPU
		{CC023BFA-3049-4BEF-81B3-1DD759136938}.Debug|Any CPU.ActiveCfg = Debug|Any CPU
		{CC023BFA-3049-4BEF-81B3-1DD759136938}.Debug|Any CPU.Build.0 = Debug|Any CPU
		{CC023BFA-3049-4BEF-81B3-1DD759136938}.Release|Any CPU.ActiveCfg = Release|Any CPU
		{CC023BFA-3049-4BEF-81B3-1DD759136938}.Release|Any CPU.Build.0 = Release|Any CPU
		{86287075-411D-45BF-B5BC-4196915E1C5C}.Debug|Any CPU.ActiveCfg = Debug|Any CPU
		{86287075-411D-45BF-B5BC-4196915E1C5C}.Debug|Any CPU.Build.0 = Debug|Any CPU
		{86287075-411D-45BF-B5BC-4196915E1C5C}.Release|Any CPU.ActiveCfg = Release|Any CPU
		{86287075-411D-45BF-B5BC-4196915E1C5C}.Release|Any CPU.Build.0 = Release|Any CPU
		{E47EEBF2-CD1A-46DB-9A54-6AFB646F2D9B}.Debug|Any CPU.ActiveCfg = Debug|Any CPU
		{E47EEBF2-CD1A-46DB-9A54-6AFB646F2D9B}.Debug|Any CPU.Build.0 = Debug|Any CPU
		{E47EEBF2-CD1A-46DB-9A54-6AFB646F2D9B}.Release|Any CPU.ActiveCfg = Release|Any CPU
		{E47EEBF2-CD1A-46DB-9A54-6AFB646F2D9B}.Release|Any CPU.Build.0 = Release|Any CPU
		{D68F7462-23F1-47E2-AD6D-42A1224FC1F7}.Debug|Any CPU.ActiveCfg = Debug|Any CPU
		{D68F7462-23F1-47E2-AD6D-42A1224FC1F7}.Debug|Any CPU.Build.0 = Debug|Any CPU
		{D68F7462-23F1-47E2-AD6D-42A1224FC1F7}.Release|Any CPU.ActiveCfg = Release|Any CPU
		{D68F7462-23F1-47E2-AD6D-42A1224FC1F7}.Release|Any CPU.Build.0 = Release|Any CPU
	EndGlobalSection
	GlobalSection(SolutionProperties) = preSolution
		HideSolutionNode = FALSE
	EndGlobalSection
	GlobalSection(ExtensibilityGlobals) = postSolution
		SolutionGuid = {389DC6CC-9CDF-4BDA-8B85-8DAD8CB46EB6}
	EndGlobalSection
EndGlobal
